
Microsoft Visual Studio Solution File, Format Version 12.00
# Visual Studio Version 16
VisualStudioVersion = 16.0.31019.35
MinimumVisualStudioVersion = 10.0.40219.1
Project("{FAE04EC0-301F-11D3-BF4B-00C04F79EFBC}") = "BeFit", "BeFit.csproj", "{726694F0-2BA3-47FA-BB66-EA1E745F554F}"
EndProject
Project("{FAE04EC0-301F-11D3-BF4B-00C04F79EFBC}") = "BeFit.Tests", "..\BeFit.Tests\BeFit.Tests.csproj", "{C8BE2688-07D1-4051-9514-4E93BA970A50}"
EndProject
Global
	GlobalSection(SolutionConfigurationPlatforms) = preSolution
		Debug|Any CPU = Debug|Any CPU
		Release|Any CPU = Release|Any CPU
	EndGlobalSection
	GlobalSection(ProjectConfigurationPlatforms) = postSolution
		{726694F0-2BA3-47FA-BB66-EA1E745F554F}.Debug|Any CPU.ActiveCfg = Debug|Any CPU
		{726694F0-2BA3-47FA-BB66-EA1E745F554F}.Debug|Any CPU.Build.0 = Debug|Any CPU
		{726694F0-2BA3-47FA-BB66-EA1E745F554F}.Release|Any CPU.ActiveCfg = Release|Any CPU
		{726694F0-2BA3-47FA-BB66-EA1E745F554F}.Release|Any CPU.Build.0 = Release|Any CPU
		{C8BE2688-07D1-4051-9514-4E93BA970A50}.Debug|Any CPU.ActiveCfg = Debug|Any CPU
		{C8BE2688-07D1-4051-9514-4E93BA970A50}.Debug|Any CPU.Build.0 = Debug|Any CPU
		{C8BE2688-07D1-4051-9514-4E93BA970A50}.Release|Any CPU.ActiveCfg = Release|Any CPU
		{C8BE2688-07D1-4051-9514-4E93BA970A50}.Release|Any CPU.Build.0 = Release|Any CPU
	EndGlobalSection
	GlobalSection(SolutionProperties) = preSolution
		HideSolutionNode = FALSE
	EndGlobalSection
	GlobalSection(ExtensibilityGlobals) = postSolution
		SolutionGuid = {517D54ED-7606-40F7-9EFE-99046038FDC9}
	EndGlobalSection
EndGlobal
